
Microsoft Visual Studio Solution File, Format Version 12.00
# Visual Studio Version 17
VisualStudioVersion = 17.11.35222.181
MinimumVisualStudioVersion = 10.0.40219.1
Project("{FAE04EC0-301F-11D3-BF4B-00C04F79EFBC}") = "WpfExamenСловарь", "WpfExamenСловарь\WpfExamenСловарь.csproj", "{7EC532A6-14CE-4DEA-A35C-010FBD66E760}"
EndProject
Global
	GlobalSection(SolutionConfigurationPlatforms) = preSolution
		Debug|Any CPU = Debug|Any CPU
		Release|Any CPU = Release|Any CPU
	EndGlobalSection
	GlobalSection(ProjectConfigurationPlatforms) = postSolution
		{7EC532A6-14CE-4DEA-A35C-010FBD66E760}.Debug|Any CPU.ActiveCfg = Debug|Any CPU
		{7EC532A6-14CE-4DEA-A35C-010FBD66E760}.Debug|Any CPU.Build.0 = Debug|Any CPU
		{7EC532A6-14CE-4DEA-A35C-010FBD66E760}.Release|Any CPU.ActiveCfg = Release|Any CPU
		{7EC532A6-14CE-4DEA-A35C-010FBD66E760}.Release|Any CPU.Build.0 = Release|Any CPU
	EndGlobalSection
	GlobalSection(SolutionProperties) = preSolution
		HideSolutionNode = FALSE
	EndGlobalSection
	GlobalSection(ExtensibilityGlobals) = postSolution
		SolutionGuid = {CB33ACB2-0642-4BF5-81A2-0541CCB13985}
	EndGlobalSection
EndGlobal
